{
	"name": "project-version",
	"version": "1.0.1",
	"lockfileVersion": 2,
	"requires": true,
	"packages": {
		"": {
			"name": "project-version",
			"version": "1.0.1",
			"license": "SEE LICENSE IN LICENSE.txt",
			"devDependencies": {
				"@types/node": "16.x",
				"@types/vscode": "^1.69.0"
			},
			"engines": {
				"vscode": "^1.69.0"
			}
		},
		"node_modules/@types/node": {
			"version": "16.11.46",
			"resolved": "https://registry.npmjs.org/@types/node/-/node-16.11.46.tgz",
			"integrity": "sha512-x+sfpb2dMrhCQPL4NAGs64Z9hh0t72aP0dg+PuZidmPr/0Gj5ELQTjD/t46dq3DF/8ZvSHOaIyDIbAsdPshyVQ==",
			"dev": true
		},
		"node_modules/@types/vscode": {
			"version": "1.69.0",
			"resolved": "https://registry.npmjs.org/@types/vscode/-/vscode-1.69.0.tgz",
			"integrity": "sha512-RlzDAnGqUoo9wS6d4tthNyAdZLxOIddLiX3djMoWk29jFfSA1yJbIwr0epBYqqYarWB6s2Z+4VaZCQ80Jaa3kA==",
			"dev": true
		}
	},
	"dependencies": {
		"@types/node": {
			"version": "16.11.46",
			"resolved": "https://registry.npmjs.org/@types/node/-/node-16.11.46.tgz",
			"integrity": "sha512-x+sfpb2dMrhCQPL4NAGs64Z9hh0t72aP0dg+PuZidmPr/0Gj5ELQTjD/t46dq3DF/8ZvSHOaIyDIbAsdPshyVQ==",
			"dev": true
		},
		"@types/vscode": {
			"version": "1.69.0",
			"resolved": "https://registry.npmjs.org/@types/vscode/-/vscode-1.69.0.tgz",
			"integrity": "sha512-RlzDAnGqUoo9wS6d4tthNyAdZLxOIddLiX3djMoWk29jFfSA1yJbIwr0epBYqqYarWB6s2Z+4VaZCQ80Jaa3kA==",
			"dev": true
		}
	}
}
