{
	"name": "project-version",
	"version": "1.0.0",
	"lockfileVersion": 2,
	"requires": true,
	"packages": {
		"": {
			"name": "project-version",
			"version": "1.0.0",
			"license": "SEE LICENSE IN LICENSE.txt",
			"devDependencies": {
				"@types/node": "14.x",
				"@types/vscode": "^1.60.0"
			},
			"engines": {
				"vscode": "^1.60.0"
			}
		},
		"node_modules/@types/node": {
			"version": "14.17.9",
			"resolved": "https://registry.npmjs.org/@types/node/-/node-14.17.9.tgz",
			"integrity": "sha512-CMjgRNsks27IDwI785YMY0KLt3co/c0cQ5foxHYv/shC2w8oOnVwz5Ubq1QG5KzrcW+AXk6gzdnxIkDnTvzu3g==",
			"dev": true
		},
		"node_modules/@types/vscode": {
			"version": "1.60.0",
			"resolved": "https://registry.npmjs.org/@types/vscode/-/vscode-1.60.0.tgz",
			"integrity": "sha512-wZt3VTmzYrgZ0l/3QmEbCq4KAJ71K3/hmMQ/nfpv84oH8e81KKwPEoQ5v8dNCxfHFVJ1JabHKmCvqdYOoVm1Ow==",
			"dev": true
		}
	},
	"dependencies": {
		"@types/node": {
			"version": "14.17.9",
			"resolved": "https://registry.npmjs.org/@types/node/-/node-14.17.9.tgz",
			"integrity": "sha512-CMjgRNsks27IDwI785YMY0KLt3co/c0cQ5foxHYv/shC2w8oOnVwz5Ubq1QG5KzrcW+AXk6gzdnxIkDnTvzu3g==",
			"dev": true
		},
		"@types/vscode": {
			"version": "1.60.0",
			"resolved": "https://registry.npmjs.org/@types/vscode/-/vscode-1.60.0.tgz",
			"integrity": "sha512-wZt3VTmzYrgZ0l/3QmEbCq4KAJ71K3/hmMQ/nfpv84oH8e81KKwPEoQ5v8dNCxfHFVJ1JabHKmCvqdYOoVm1Ow==",
			"dev": true
		}
	}
}
